Microsoft Visual Studio Solution File, Format Version 12.00
# Visual Studio 15
VisualStudioVersion = 15.0.27130.2026
MinimumVisualStudioVersion = 15.0.26124.0
Project("{9A19103F-16F7-4668-BE54-9A1E7A4F7556}") = "IdentityServer.LdapExtension", "IdentityServer.LdapExtension\IdentityServer.LdapExtension.csproj", "{594A090C-F059-47DD-8548-AA67AF8D1E4E}"
EndProject
Project("{9A19103F-16F7-4668-BE54-9A1E7A4F7556}") = "IdentityServer.LdapExtension.Unit", "IdentityServer.LdapExtension.Unit\IdentityServer.LdapExtension.Unit.csproj", "{FA82C863-8303-416D-9B91-967D2A919A12}"
EndProject
Project("{2150E333-8FDC-42A3-9474-1A3956D46DE8}") = "Samples", "Samples", "{DD7C633C-CA6A-492C-86E5-CE29364B9069}"
EndProject
Project("{9A19103F-16F7-4668-BE54-9A1E7A4F7556}") = "Api", "Sample\Api\Api.csproj", "{F2C01E59-8E18-4A77-A954-0A6C13469D34}"
EndProject
Project("{9A19103F-16F7-4668-BE54-9A1E7A4F7556}") = "MvcClient", "Sample\Client\MvcClient.csproj", "{B220EF6C-ADB2-40F9-9AFD-31B7F6B34CB5}"
EndProject
Project("{9A19103F-16F7-4668-BE54-9A1E7A4F7556}") = "QuickstartIdentityServer", "Sample\IdentityServer\QuickstartIdentityServer.csproj", "{88621EEF-2988-40C1-92E2-3C6B0697FBC7}"
EndProject
Project("{FAE04EC0-301F-11D3-BF4B-00C04F79EFBC}") = "MvcVueClient", "MvcVueClient\MvcVueClient.csproj", "{5F7028A1-FE2B-4FB0-9025-A995DF948704}"
EndProject
Global
	GlobalSection(SolutionConfigurationPlatforms) = preSolution
		Debug|Any CPU = Debug|Any CPU
		Debug|x64 = Debug|x64
		Debug|x86 = Debug|x86
		Release|Any CPU = Release|Any CPU
		Release|x64 = Release|x64
		Release|x86 = Release|x86
	EndGlobalSection
	GlobalSection(ProjectConfigurationPlatforms) = postSolution
		{594A090C-F059-47DD-8548-AA67AF8D1E4E}.Debug|Any CPU.ActiveCfg = Debug|Any CPU
		{594A090C-F059-47DD-8548-AA67AF8D1E4E}.Debug|Any CPU.Build.0 = Debug|Any CPU
		{594A090C-F059-47DD-8548-AA67AF8D1E4E}.Debug|x64.ActiveCfg = Debug|Any CPU
		{594A090C-F059-47DD-8548-AA67AF8D1E4E}.Debug|x64.Build.0 = Debug|Any CPU
		{594A090C-F059-47DD-8548-AA67AF8D1E4E}.Debug|x86.ActiveCfg = Debug|Any CPU
		{594A090C-F059-47DD-8548-AA67AF8D1E4E}.Debug|x86.Build.0 = Debug|Any CPU
		{594A090C-F059-47DD-8548-AA67AF8D1E4E}.Release|Any CPU.ActiveCfg = Release|Any CPU
		{594A090C-F059-47DD-8548-AA67AF8D1E4E}.Release|Any CPU.Build.0 = Release|Any CPU
		{594A090C-F059-47DD-8548-AA67AF8D1E4E}.Release|x64.ActiveCfg = Release|Any CPU
		{594A090C-F059-47DD-8548-AA67AF8D1E4E}.Release|x64.Build.0 = Release|Any CPU
		{594A090C-F059-47DD-8548-AA67AF8D1E4E}.Release|x86.ActiveCfg = Release|Any CPU
		{594A090C-F059-47DD-8548-AA67AF8D1E4E}.Release|x86.Build.0 = Release|Any CPU
		{FA82C863-8303-416D-9B91-967D2A919A12}.Debug|Any CPU.ActiveCfg = Debug|Any CPU
		{FA82C863-8303-416D-9B91-967D2A919A12}.Debug|Any CPU.Build.0 = Debug|Any CPU
		{FA82C863-8303-416D-9B91-967D2A919A12}.Debug|x64.ActiveCfg = Debug|Any CPU
		{FA82C863-8303-416D-9B91-967D2A919A12}.Debug|x64.Build.0 = Debug|Any CPU
		{FA82C863-8303-416D-9B91-967D2A919A12}.Debug|x86.ActiveCfg = Debug|Any CPU
		{FA82C863-8303-416D-9B91-967D2A919A12}.Debug|x86.Build.0 = Debug|Any CPU
		{FA82C863-8303-416D-9B91-967D2A919A12}.Release|Any CPU.ActiveCfg = Release|Any CPU
		{FA82C863-8303-416D-9B91-967D2A919A12}.Release|Any CPU.Build.0 = Release|Any CPU
		{FA82C863-8303-416D-9B91-967D2A919A12}.Release|x64.ActiveCfg = Release|Any CPU
		{FA82C863-8303-416D-9B91-967D2A919A12}.Release|x64.Build.0 = Release|Any CPU
		{FA82C863-8303-416D-9B91-967D2A919A12}.Release|x86.ActiveCfg = Release|Any CPU
		{FA82C863-8303-416D-9B91-967D2A919A12}.Release|x86.Build.0 = Release|Any CPU
		{F2C01E59-8E18-4A77-A954-0A6C13469D34}.Debug|Any CPU.ActiveCfg = Debug|Any CPU
		{F2C01E59-8E18-4A77-A954-0A6C13469D34}.Debug|Any CPU.Build.0 = Debug|Any CPU
		{F2C01E59-8E18-4A77-A954-0A6C13469D34}.Debug|x64.ActiveCfg = Debug|Any CPU
		{F2C01E59-8E18-4A77-A954-0A6C13469D34}.Debug|x64.Build.0 = Debug|Any CPU
		{F2C01E59-8E18-4A77-A954-0A6C13469D34}.Debug|x86.ActiveCfg = Debug|Any CPU
		{F2C01E59-8E18-4A77-A954-0A6C13469D34}.Debug|x86.Build.0 = Debug|Any CPU
		{F2C01E59-8E18-4A77-A954-0A6C13469D34}.Release|Any CPU.ActiveCfg = Release|Any CPU
		{F2C01E59-8E18-4A77-A954-0A6C13469D34}.Release|Any CPU.Build.0 = Release|Any CPU
		{F2C01E59-8E18-4A77-A954-0A6C13469D34}.Release|x64.ActiveCfg = Release|Any CPU
		{F2C01E59-8E18-4A77-A954-0A6C13469D34}.Release|x64.Build.0 = Release|Any CPU
		{F2C01E59-8E18-4A77-A954-0A6C13469D34}.Release|x86.ActiveCfg = Release|Any CPU
		{F2C01E59-8E18-4A77-A954-0A6C13469D34}.Release|x86.Build.0 = Release|Any CPU
		{B220EF6C-ADB2-40F9-9AFD-31B7F6B34CB5}.Debug|Any CPU.ActiveCfg = Debug|Any CPU
		{B220EF6C-ADB2-40F9-9AFD-31B7F6B34CB5}.Debug|Any CPU.Build.0 = Debug|Any CPU
		{B220EF6C-ADB2-40F9-9AFD-31B7F6B34CB5}.Debug|x64.ActiveCfg = Debug|Any CPU
		{B220EF6C-ADB2-40F9-9AFD-31B7F6B34CB5}.Debug|x64.Build.0 = Debug|Any CPU
		{B220EF6C-ADB2-40F9-9AFD-31B7F6B34CB5}.Debug|x86.ActiveCfg = Debug|Any CPU
		{B220EF6C-ADB2-40F9-9AFD-31B7F6B34CB5}.Debug|x86.Build.0 = Debug|Any CPU
		{B220EF6C-ADB2-40F9-9AFD-31B7F6B34CB5}.Release|Any CPU.ActiveCfg = Release|Any CPU
		{B220EF6C-ADB2-40F9-9AFD-31B7F6B34CB5}.Release|Any CPU.Build.0 = Release|Any CPU
		{B220EF6C-ADB2-40F9-9AFD-31B7F6B34CB5}.Release|x64.ActiveCfg = Release|Any CPU
		{B220EF6C-ADB2-40F9-9AFD-31B7F6B34CB5}.Release|x64.Build.0 = Release|Any CPU
		{B220EF6C-ADB2-40F9-9AFD-31B7F6B34CB5}.Release|x86.ActiveCfg = Release|Any CPU
		{B220EF6C-ADB2-40F9-9AFD-31B7F6B34CB5}.Release|x86.Build.0 = Release|Any CPU
		{88621EEF-2988-40C1-92E2-3C6B0697FBC7}.Debug|Any CPU.ActiveCfg = Debug|Any CPU
		{88621EEF-2988-40C1-92E2-3C6B0697FBC7}.Debug|Any CPU.Build.0 = Debug|Any CPU
		{88621EEF-2988-40C1-92E2-3C6B0697FBC7}.Debug|x64.ActiveCfg = Debug|Any CPU
		{88621EEF-2988-40C1-92E2-3C6B0697FBC7}.Debug|x64.Build.0 = Debug|Any CPU
		{88621EEF-2988-40C1-92E2-3C6B0697FBC7}.Debug|x86.ActiveCfg = Debug|Any CPU
		{88621EEF-2988-40C1-92E2-3C6B0697FBC7}.Debug|x86.Build.0 = Debug|Any CPU
		{88621EEF-2988-40C1-92E2-3C6B0697FBC7}.Release|Any CPU.ActiveCfg = Release|Any CPU
		{88621EEF-2988-40C1-92E2-3C6B0697FBC7}.Release|Any CPU.Build.0 = Release|Any CPU
		{88621EEF-2988-40C1-92E2-3C6B0697FBC7}.Release|x64.ActiveCfg = Release|Any CPU
		{88621EEF-2988-40C1-92E2-3C6B0697FBC7}.Release|x64.Build.0 = Release|Any CPU
		{88621EEF-2988-40C1-92E2-3C6B0697FBC7}.Release|x86.ActiveCfg = Release|Any CPU
		{88621EEF-2988-40C1-92E2-3C6B0697FBC7}.Release|x86.Build.0 = Release|Any CPU
		{5F7028A1-FE2B-4FB0-9025-A995DF948704}.Debug|Any CPU.ActiveCfg = Debug|Any CPU
		{5F7028A1-FE2B-4FB0-9025-A995DF948704}.Debug|Any CPU.Build.0 = Debug|Any CPU
		{5F7028A1-FE2B-4FB0-9025-A995DF948704}.Debug|x64.ActiveCfg = Debug|Any CPU
		{5F7028A1-FE2B-4FB0-9025-A995DF948704}.Debug|x64.Build.0 = Debug|Any CPU
		{5F7028A1-FE2B-4FB0-9025-A995DF948704}.Debug|x86.ActiveCfg = Debug|Any CPU
		{5F7028A1-FE2B-4FB0-9025-A995DF948704}.Debug|x86.Build.0 = Debug|Any CPU
		{5F7028A1-FE2B-4FB0-9025-A995DF948704}.Release|Any CPU.ActiveCfg = Release|Any CPU
		{5F7028A1-FE2B-4FB0-9025-A995DF948704}.Release|Any CPU.Build.0 = Release|Any CPU
		{5F7028A1-FE2B-4FB0-9025-A995DF948704}.Release|x64.ActiveCfg = Release|Any CPU
		{5F7028A1-FE2B-4FB0-9025-A995DF948704}.Release|x64.Build.0 = Release|Any CPU
		{5F7028A1-FE2B-4FB0-9025-A995DF948704}.Release|x86.ActiveCfg = Release|Any CPU
		{5F7028A1-FE2B-4FB0-9025-A995DF948704}.Release|x86.Build.0 = Release|Any CPU
	EndGlobalSection
	GlobalSection(SolutionProperties) = preSolution
		HideSolutionNode = FALSE
	EndGlobalSection
	GlobalSection(NestedProjects) = preSolution
		{F2C01E59-8E18-4A77-A954-0A6C13469D34} = {DD7C633C-CA6A-492C-86E5-CE29364B9069}
		{B220EF6C-ADB2-40F9-9AFD-31B7F6B34CB5} = {DD7C633C-CA6A-492C-86E5-CE29364B9069}
		{88621EEF-2988-40C1-92E2-3C6B0697FBC7} = {DD7C633C-CA6A-492C-86E5-CE29364B9069}
		{5F7028A1-FE2B-4FB0-9025-A995DF948704} = {DD7C633C-CA6A-492C-86E5-CE29364B9069}
	EndGlobalSection
	GlobalSection(ExtensibilityGlobals) = postSolution
		SolutionGuid = {21CD9FE1-C93F-4EB9-9111-AF1C5B33CBA6}
	EndGlobalSection
EndGlobal
