Microsoft Visual Studio Solution File, Format Version 12.00
# Visual Studio 15
VisualStudioVersion = 15.0.27130.2026
MinimumVisualStudioVersion = 15.0.26124.0
Project("{9A19103F-16F7-4668-BE54-9A1E7A4F7556}") = "IdentityServer.LdapExtension", "IdentityServer.LdapExtension\IdentityServer.LdapExtension.csproj", "{73D255AA-0FF3-4861-9397-C19E9E662934}"
EndProject
Project("{9A19103F-16F7-4668-BE54-9A1E7A4F7556}") = "IdentityServer.LdapExtension.Unit", "IdentityServer.LdapExtension.Unit\IdentityServer.LdapExtension.Unit.csproj", "{04578ADD-4671-41B1-B1E6-DBF73C954588}"
EndProject
Project("{9A19103F-16F7-4668-BE54-9A1E7A4F7556}") = "MvcVueClient", "MvcVueClient\MvcVueClient.csproj", "{12F22F66-839A-43A5-9C2E-BA04268CFB4F}"
EndProject
Project("{9A19103F-16F7-4668-BE54-9A1E7A4F7556}") = "MvcClient", "Sample\Client\MvcClient.csproj", "{6525DABA-318A-4185-97C7-1D80002719DA}"
EndProject
Project("{9A19103F-16F7-4668-BE54-9A1E7A4F7556}") = "QuickstartIdentityServer", "Sample\IdentityServer\QuickstartIdentityServer.csproj", "{02103F09-C7AD-4EF0-BF3D-592541E1071B}"
EndProject
Project("{9A19103F-16F7-4668-BE54-9A1E7A4F7556}") = "Api", "Sample\Api\Api.csproj", "{6DF30367-2BDD-4DB7-82E3-7CDF9A0B3FF4}"
EndProject
Project("{2150E333-8FDC-42A3-9474-1A3956D46DE8}") = "Sample", "Sample", "{A5A7BF38-9048-4D87-A51C-6A89D3339E1D}"
EndProject
Global
	GlobalSection(SolutionConfigurationPlatforms) = preSolution
		Debug|Any CPU = Debug|Any CPU
		Debug|x64 = Debug|x64
		Debug|x86 = Debug|x86
		Release|Any CPU = Release|Any CPU
		Release|x64 = Release|x64
		Release|x86 = Release|x86
	EndGlobalSection
	GlobalSection(ProjectConfigurationPlatforms) = postSolution
		{73D255AA-0FF3-4861-9397-C19E9E662934}.Debug|Any CPU.ActiveCfg = Debug|Any CPU
		{73D255AA-0FF3-4861-9397-C19E9E662934}.Debug|Any CPU.Build.0 = Debug|Any CPU
		{73D255AA-0FF3-4861-9397-C19E9E662934}.Debug|x64.ActiveCfg = Debug|Any CPU
		{73D255AA-0FF3-4861-9397-C19E9E662934}.Debug|x64.Build.0 = Debug|Any CPU
		{73D255AA-0FF3-4861-9397-C19E9E662934}.Debug|x86.ActiveCfg = Debug|Any CPU
		{73D255AA-0FF3-4861-9397-C19E9E662934}.Debug|x86.Build.0 = Debug|Any CPU
		{73D255AA-0FF3-4861-9397-C19E9E662934}.Release|Any CPU.ActiveCfg = Release|Any CPU
		{73D255AA-0FF3-4861-9397-C19E9E662934}.Release|Any CPU.Build.0 = Release|Any CPU
		{73D255AA-0FF3-4861-9397-C19E9E662934}.Release|x64.ActiveCfg = Release|Any CPU
		{73D255AA-0FF3-4861-9397-C19E9E662934}.Release|x64.Build.0 = Release|Any CPU
		{73D255AA-0FF3-4861-9397-C19E9E662934}.Release|x86.ActiveCfg = Release|Any CPU
		{73D255AA-0FF3-4861-9397-C19E9E662934}.Release|x86.Build.0 = Release|Any CPU
		{04578ADD-4671-41B1-B1E6-DBF73C954588}.Debug|Any CPU.ActiveCfg = Debug|Any CPU
		{04578ADD-4671-41B1-B1E6-DBF73C954588}.Debug|Any CPU.Build.0 = Debug|Any CPU
		{04578ADD-4671-41B1-B1E6-DBF73C954588}.Debug|x64.ActiveCfg = Debug|Any CPU
		{04578ADD-4671-41B1-B1E6-DBF73C954588}.Debug|x64.Build.0 = Debug|Any CPU
		{04578ADD-4671-41B1-B1E6-DBF73C954588}.Debug|x86.ActiveCfg = Debug|Any CPU
		{04578ADD-4671-41B1-B1E6-DBF73C954588}.Debug|x86.Build.0 = Debug|Any CPU
		{04578ADD-4671-41B1-B1E6-DBF73C954588}.Release|Any CPU.ActiveCfg = Release|Any CPU
		{04578ADD-4671-41B1-B1E6-DBF73C954588}.Release|Any CPU.Build.0 = Release|Any CPU
		{04578ADD-4671-41B1-B1E6-DBF73C954588}.Release|x64.ActiveCfg = Release|Any CPU
		{04578ADD-4671-41B1-B1E6-DBF73C954588}.Release|x64.Build.0 = Release|Any CPU
		{04578ADD-4671-41B1-B1E6-DBF73C954588}.Release|x86.ActiveCfg = Release|Any CPU
		{04578ADD-4671-41B1-B1E6-DBF73C954588}.Release|x86.Build.0 = Release|Any CPU
		{12F22F66-839A-43A5-9C2E-BA04268CFB4F}.Debug|Any CPU.ActiveCfg = Debug|Any CPU
		{12F22F66-839A-43A5-9C2E-BA04268CFB4F}.Debug|Any CPU.Build.0 = Debug|Any CPU
		{12F22F66-839A-43A5-9C2E-BA04268CFB4F}.Debug|x64.ActiveCfg = Debug|Any CPU
		{12F22F66-839A-43A5-9C2E-BA04268CFB4F}.Debug|x64.Build.0 = Debug|Any CPU
		{12F22F66-839A-43A5-9C2E-BA04268CFB4F}.Debug|x86.ActiveCfg = Debug|Any CPU
		{12F22F66-839A-43A5-9C2E-BA04268CFB4F}.Debug|x86.Build.0 = Debug|Any CPU
		{12F22F66-839A-43A5-9C2E-BA04268CFB4F}.Release|Any CPU.ActiveCfg = Release|Any CPU
		{12F22F66-839A-43A5-9C2E-BA04268CFB4F}.Release|Any CPU.Build.0 = Release|Any CPU
		{12F22F66-839A-43A5-9C2E-BA04268CFB4F}.Release|x64.ActiveCfg = Release|Any CPU
		{12F22F66-839A-43A5-9C2E-BA04268CFB4F}.Release|x64.Build.0 = Release|Any CPU
		{12F22F66-839A-43A5-9C2E-BA04268CFB4F}.Release|x86.ActiveCfg = Release|Any CPU
		{12F22F66-839A-43A5-9C2E-BA04268CFB4F}.Release|x86.Build.0 = Release|Any CPU
		{6525DABA-318A-4185-97C7-1D80002719DA}.Debug|Any CPU.ActiveCfg = Debug|Any CPU
		{6525DABA-318A-4185-97C7-1D80002719DA}.Debug|Any CPU.Build.0 = Debug|Any CPU
		{6525DABA-318A-4185-97C7-1D80002719DA}.Debug|x64.ActiveCfg = Debug|Any CPU
		{6525DABA-318A-4185-97C7-1D80002719DA}.Debug|x64.Build.0 = Debug|Any CPU
		{6525DABA-318A-4185-97C7-1D80002719DA}.Debug|x86.ActiveCfg = Debug|Any CPU
		{6525DABA-318A-4185-97C7-1D80002719DA}.Debug|x86.Build.0 = Debug|Any CPU
		{6525DABA-318A-4185-97C7-1D80002719DA}.Release|Any CPU.ActiveCfg = Release|Any CPU
		{6525DABA-318A-4185-97C7-1D80002719DA}.Release|Any CPU.Build.0 = Release|Any CPU
		{6525DABA-318A-4185-97C7-1D80002719DA}.Release|x64.ActiveCfg = Release|Any CPU
		{6525DABA-318A-4185-97C7-1D80002719DA}.Release|x64.Build.0 = Release|Any CPU
		{6525DABA-318A-4185-97C7-1D80002719DA}.Release|x86.ActiveCfg = Release|Any CPU
		{6525DABA-318A-4185-97C7-1D80002719DA}.Release|x86.Build.0 = Release|Any CPU
		{02103F09-C7AD-4EF0-BF3D-592541E1071B}.Debug|Any CPU.ActiveCfg = Debug|Any CPU
		{02103F09-C7AD-4EF0-BF3D-592541E1071B}.Debug|Any CPU.Build.0 = Debug|Any CPU
		{02103F09-C7AD-4EF0-BF3D-592541E1071B}.Debug|x64.ActiveCfg = Debug|Any CPU
		{02103F09-C7AD-4EF0-BF3D-592541E1071B}.Debug|x64.Build.0 = Debug|Any CPU
		{02103F09-C7AD-4EF0-BF3D-592541E1071B}.Debug|x86.ActiveCfg = Debug|Any CPU
		{02103F09-C7AD-4EF0-BF3D-592541E1071B}.Debug|x86.Build.0 = Debug|Any CPU
		{02103F09-C7AD-4EF0-BF3D-592541E1071B}.Release|Any CPU.ActiveCfg = Release|Any CPU
		{02103F09-C7AD-4EF0-BF3D-592541E1071B}.Release|Any CPU.Build.0 = Release|Any CPU
		{02103F09-C7AD-4EF0-BF3D-592541E1071B}.Release|x64.ActiveCfg = Release|Any CPU
		{02103F09-C7AD-4EF0-BF3D-592541E1071B}.Release|x64.Build.0 = Release|Any CPU
		{02103F09-C7AD-4EF0-BF3D-592541E1071B}.Release|x86.ActiveCfg = Release|Any CPU
		{02103F09-C7AD-4EF0-BF3D-592541E1071B}.Release|x86.Build.0 = Release|Any CPU
		{6DF30367-2BDD-4DB7-82E3-7CDF9A0B3FF4}.Debug|Any CPU.ActiveCfg = Debug|Any CPU
		{6DF30367-2BDD-4DB7-82E3-7CDF9A0B3FF4}.Debug|Any CPU.Build.0 = Debug|Any CPU
		{6DF30367-2BDD-4DB7-82E3-7CDF9A0B3FF4}.Debug|x64.ActiveCfg = Debug|Any CPU
		{6DF30367-2BDD-4DB7-82E3-7CDF9A0B3FF4}.Debug|x64.Build.0 = Debug|Any CPU
		{6DF30367-2BDD-4DB7-82E3-7CDF9A0B3FF4}.Debug|x86.ActiveCfg = Debug|Any CPU
		{6DF30367-2BDD-4DB7-82E3-7CDF9A0B3FF4}.Debug|x86.Build.0 = Debug|Any CPU
		{6DF30367-2BDD-4DB7-82E3-7CDF9A0B3FF4}.Release|Any CPU.ActiveCfg = Release|Any CPU
		{6DF30367-2BDD-4DB7-82E3-7CDF9A0B3FF4}.Release|Any CPU.Build.0 = Release|Any CPU
		{6DF30367-2BDD-4DB7-82E3-7CDF9A0B3FF4}.Release|x64.ActiveCfg = Release|Any CPU
		{6DF30367-2BDD-4DB7-82E3-7CDF9A0B3FF4}.Release|x64.Build.0 = Release|Any CPU
		{6DF30367-2BDD-4DB7-82E3-7CDF9A0B3FF4}.Release|x86.ActiveCfg = Release|Any CPU
		{6DF30367-2BDD-4DB7-82E3-7CDF9A0B3FF4}.Release|x86.Build.0 = Release|Any CPU
	EndGlobalSection
	GlobalSection(SolutionProperties) = preSolution
		HideSolutionNode = FALSE
	EndGlobalSection
	GlobalSection(NestedProjects) = preSolution
		{12F22F66-839A-43A5-9C2E-BA04268CFB4F} = {A5A7BF38-9048-4D87-A51C-6A89D3339E1D}
		{6525DABA-318A-4185-97C7-1D80002719DA} = {A5A7BF38-9048-4D87-A51C-6A89D3339E1D}
		{02103F09-C7AD-4EF0-BF3D-592541E1071B} = {A5A7BF38-9048-4D87-A51C-6A89D3339E1D}
		{6DF30367-2BDD-4DB7-82E3-7CDF9A0B3FF4} = {A5A7BF38-9048-4D87-A51C-6A89D3339E1D}
	EndGlobalSection
	GlobalSection(ExtensibilityGlobals) = postSolution
		SolutionGuid = {21CD9FE1-C93F-4EB9-9111-AF1C5B33CBA6}
	EndGlobalSection
EndGlobal
