Microsoft Visual Studio Solution File, Format Version 12.00
# Visual Studio 15
VisualStudioVersion = 15.0.27130.2026
MinimumVisualStudioVersion = 15.0.26124.0
Project("{2150E333-8FDC-42A3-9474-1A3956D46DE8}") = "Samples", "Samples", "{DD7C633C-CA6A-492C-86E5-CE29364B9069}"
EndProject
Project("{9A19103F-16F7-4668-BE54-9A1E7A4F7556}") = "QuickstartIdentityServer", "Sample\IdentityServer\QuickstartIdentityServer.csproj", "{88621EEF-2988-40C1-92E2-3C6B0697FBC7}"
EndProject
Project("{9A19103F-16F7-4668-BE54-9A1E7A4F7556}") = "MvcVueClient", "MvcVueClient\MvcVueClient.csproj", "{5F7028A1-FE2B-4FB0-9025-A995DF948704}"
EndProject
Project("{9A19103F-16F7-4668-BE54-9A1E7A4F7556}") = "IdentityServer.LdapExtension", "IdentityServer.LdapExtension\IdentityServer.LdapExtension.csproj", "{73D255AA-0FF3-4861-9397-C19E9E662934}"
EndProject
Project("{9A19103F-16F7-4668-BE54-9A1E7A4F7556}") = "IdentityServer.LdapExtension.Unit", "IdentityServer.LdapExtension.Unit\IdentityServer.LdapExtension.Unit.csproj", "{04578ADD-4671-41B1-B1E6-DBF73C954588}"
EndProject
Project("{9A19103F-16F7-4668-BE54-9A1E7A4F7556}") = "Api", "Sample\Api\Api.csproj", "{0D23B651-CFA6-4031-AB7B-92016D5B06AC}"
EndProject
Project("{9A19103F-16F7-4668-BE54-9A1E7A4F7556}") = "MvcClient", "Sample\Client\MvcClient.csproj", "{A359A753-34F3-4A49-B3E2-AB80C7A30BEB}"
EndProject
Global
	GlobalSection(SolutionConfigurationPlatforms) = preSolution
		Debug|Any CPU = Debug|Any CPU
		Debug|x64 = Debug|x64
		Debug|x86 = Debug|x86
		Release|Any CPU = Release|Any CPU
		Release|x64 = Release|x64
		Release|x86 = Release|x86
	EndGlobalSection
	GlobalSection(ProjectConfigurationPlatforms) = postSolution
		{88621EEF-2988-40C1-92E2-3C6B0697FBC7}.Debug|Any CPU.ActiveCfg = Debug|Any CPU
		{88621EEF-2988-40C1-92E2-3C6B0697FBC7}.Debug|Any CPU.Build.0 = Debug|Any CPU
		{88621EEF-2988-40C1-92E2-3C6B0697FBC7}.Debug|x64.ActiveCfg = Debug|Any CPU
		{88621EEF-2988-40C1-92E2-3C6B0697FBC7}.Debug|x64.Build.0 = Debug|Any CPU
		{88621EEF-2988-40C1-92E2-3C6B0697FBC7}.Debug|x86.ActiveCfg = Debug|Any CPU
		{88621EEF-2988-40C1-92E2-3C6B0697FBC7}.Debug|x86.Build.0 = Debug|Any CPU
		{88621EEF-2988-40C1-92E2-3C6B0697FBC7}.Release|Any CPU.ActiveCfg = Release|Any CPU
		{88621EEF-2988-40C1-92E2-3C6B0697FBC7}.Release|Any CPU.Build.0 = Release|Any CPU
		{88621EEF-2988-40C1-92E2-3C6B0697FBC7}.Release|x64.ActiveCfg = Release|Any CPU
		{88621EEF-2988-40C1-92E2-3C6B0697FBC7}.Release|x64.Build.0 = Release|Any CPU
		{88621EEF-2988-40C1-92E2-3C6B0697FBC7}.Release|x86.ActiveCfg = Release|Any CPU
		{88621EEF-2988-40C1-92E2-3C6B0697FBC7}.Release|x86.Build.0 = Release|Any CPU
		{5F7028A1-FE2B-4FB0-9025-A995DF948704}.Debug|Any CPU.ActiveCfg = Debug|Any CPU
		{5F7028A1-FE2B-4FB0-9025-A995DF948704}.Debug|Any CPU.Build.0 = Debug|Any CPU
		{5F7028A1-FE2B-4FB0-9025-A995DF948704}.Debug|x64.ActiveCfg = Debug|Any CPU
		{5F7028A1-FE2B-4FB0-9025-A995DF948704}.Debug|x64.Build.0 = Debug|Any CPU
		{5F7028A1-FE2B-4FB0-9025-A995DF948704}.Debug|x86.ActiveCfg = Debug|Any CPU
		{5F7028A1-FE2B-4FB0-9025-A995DF948704}.Debug|x86.Build.0 = Debug|Any CPU
		{5F7028A1-FE2B-4FB0-9025-A995DF948704}.Release|Any CPU.ActiveCfg = Release|Any CPU
		{5F7028A1-FE2B-4FB0-9025-A995DF948704}.Release|Any CPU.Build.0 = Release|Any CPU
		{5F7028A1-FE2B-4FB0-9025-A995DF948704}.Release|x64.ActiveCfg = Release|Any CPU
		{5F7028A1-FE2B-4FB0-9025-A995DF948704}.Release|x64.Build.0 = Release|Any CPU
		{5F7028A1-FE2B-4FB0-9025-A995DF948704}.Release|x86.ActiveCfg = Release|Any CPU
		{5F7028A1-FE2B-4FB0-9025-A995DF948704}.Release|x86.Build.0 = Release|Any CPU
		{73D255AA-0FF3-4861-9397-C19E9E662934}.Debug|Any CPU.ActiveCfg = Debug|Any CPU
		{73D255AA-0FF3-4861-9397-C19E9E662934}.Debug|Any CPU.Build.0 = Debug|Any CPU
		{73D255AA-0FF3-4861-9397-C19E9E662934}.Debug|x64.ActiveCfg = Debug|Any CPU
		{73D255AA-0FF3-4861-9397-C19E9E662934}.Debug|x64.Build.0 = Debug|Any CPU
		{73D255AA-0FF3-4861-9397-C19E9E662934}.Debug|x86.ActiveCfg = Debug|Any CPU
		{73D255AA-0FF3-4861-9397-C19E9E662934}.Debug|x86.Build.0 = Debug|Any CPU
		{73D255AA-0FF3-4861-9397-C19E9E662934}.Release|Any CPU.ActiveCfg = Release|Any CPU
		{73D255AA-0FF3-4861-9397-C19E9E662934}.Release|Any CPU.Build.0 = Release|Any CPU
		{73D255AA-0FF3-4861-9397-C19E9E662934}.Release|x64.ActiveCfg = Release|Any CPU
		{73D255AA-0FF3-4861-9397-C19E9E662934}.Release|x64.Build.0 = Release|Any CPU
		{73D255AA-0FF3-4861-9397-C19E9E662934}.Release|x86.ActiveCfg = Release|Any CPU
		{73D255AA-0FF3-4861-9397-C19E9E662934}.Release|x86.Build.0 = Release|Any CPU
		{04578ADD-4671-41B1-B1E6-DBF73C954588}.Debug|Any CPU.ActiveCfg = Debug|Any CPU
		{04578ADD-4671-41B1-B1E6-DBF73C954588}.Debug|Any CPU.Build.0 = Debug|Any CPU
		{04578ADD-4671-41B1-B1E6-DBF73C954588}.Debug|x64.ActiveCfg = Debug|Any CPU
		{04578ADD-4671-41B1-B1E6-DBF73C954588}.Debug|x64.Build.0 = Debug|Any CPU
		{04578ADD-4671-41B1-B1E6-DBF73C954588}.Debug|x86.ActiveCfg = Debug|Any CPU
		{04578ADD-4671-41B1-B1E6-DBF73C954588}.Debug|x86.Build.0 = Debug|Any CPU
		{04578ADD-4671-41B1-B1E6-DBF73C954588}.Release|Any CPU.ActiveCfg = Release|Any CPU
		{04578ADD-4671-41B1-B1E6-DBF73C954588}.Release|Any CPU.Build.0 = Release|Any CPU
		{04578ADD-4671-41B1-B1E6-DBF73C954588}.Release|x64.ActiveCfg = Release|Any CPU
		{04578ADD-4671-41B1-B1E6-DBF73C954588}.Release|x64.Build.0 = Release|Any CPU
		{04578ADD-4671-41B1-B1E6-DBF73C954588}.Release|x86.ActiveCfg = Release|Any CPU
		{04578ADD-4671-41B1-B1E6-DBF73C954588}.Release|x86.Build.0 = Release|Any CPU
		{0D23B651-CFA6-4031-AB7B-92016D5B06AC}.Debug|Any CPU.ActiveCfg = Debug|Any CPU
		{0D23B651-CFA6-4031-AB7B-92016D5B06AC}.Debug|Any CPU.Build.0 = Debug|Any CPU
		{0D23B651-CFA6-4031-AB7B-92016D5B06AC}.Debug|x64.ActiveCfg = Debug|Any CPU
		{0D23B651-CFA6-4031-AB7B-92016D5B06AC}.Debug|x64.Build.0 = Debug|Any CPU
		{0D23B651-CFA6-4031-AB7B-92016D5B06AC}.Debug|x86.ActiveCfg = Debug|Any CPU
		{0D23B651-CFA6-4031-AB7B-92016D5B06AC}.Debug|x86.Build.0 = Debug|Any CPU
		{0D23B651-CFA6-4031-AB7B-92016D5B06AC}.Release|Any CPU.ActiveCfg = Release|Any CPU
		{0D23B651-CFA6-4031-AB7B-92016D5B06AC}.Release|Any CPU.Build.0 = Release|Any CPU
		{0D23B651-CFA6-4031-AB7B-92016D5B06AC}.Release|x64.ActiveCfg = Release|Any CPU
		{0D23B651-CFA6-4031-AB7B-92016D5B06AC}.Release|x64.Build.0 = Release|Any CPU
		{0D23B651-CFA6-4031-AB7B-92016D5B06AC}.Release|x86.ActiveCfg = Release|Any CPU
		{0D23B651-CFA6-4031-AB7B-92016D5B06AC}.Release|x86.Build.0 = Release|Any CPU
		{A359A753-34F3-4A49-B3E2-AB80C7A30BEB}.Debug|Any CPU.ActiveCfg = Debug|Any CPU
		{A359A753-34F3-4A49-B3E2-AB80C7A30BEB}.Debug|Any CPU.Build.0 = Debug|Any CPU
		{A359A753-34F3-4A49-B3E2-AB80C7A30BEB}.Debug|x64.ActiveCfg = Debug|Any CPU
		{A359A753-34F3-4A49-B3E2-AB80C7A30BEB}.Debug|x64.Build.0 = Debug|Any CPU
		{A359A753-34F3-4A49-B3E2-AB80C7A30BEB}.Debug|x86.ActiveCfg = Debug|Any CPU
		{A359A753-34F3-4A49-B3E2-AB80C7A30BEB}.Debug|x86.Build.0 = Debug|Any CPU
		{A359A753-34F3-4A49-B3E2-AB80C7A30BEB}.Release|Any CPU.ActiveCfg = Release|Any CPU
		{A359A753-34F3-4A49-B3E2-AB80C7A30BEB}.Release|Any CPU.Build.0 = Release|Any CPU
		{A359A753-34F3-4A49-B3E2-AB80C7A30BEB}.Release|x64.ActiveCfg = Release|Any CPU
		{A359A753-34F3-4A49-B3E2-AB80C7A30BEB}.Release|x64.Build.0 = Release|Any CPU
		{A359A753-34F3-4A49-B3E2-AB80C7A30BEB}.Release|x86.ActiveCfg = Release|Any CPU
		{A359A753-34F3-4A49-B3E2-AB80C7A30BEB}.Release|x86.Build.0 = Release|Any CPU
	EndGlobalSection
	GlobalSection(SolutionProperties) = preSolution
		HideSolutionNode = FALSE
	EndGlobalSection
	GlobalSection(NestedProjects) = preSolution
		{88621EEF-2988-40C1-92E2-3C6B0697FBC7} = {DD7C633C-CA6A-492C-86E5-CE29364B9069}
		{5F7028A1-FE2B-4FB0-9025-A995DF948704} = {DD7C633C-CA6A-492C-86E5-CE29364B9069}
		{0D23B651-CFA6-4031-AB7B-92016D5B06AC} = {DD7C633C-CA6A-492C-86E5-CE29364B9069}
		{A359A753-34F3-4A49-B3E2-AB80C7A30BEB} = {DD7C633C-CA6A-492C-86E5-CE29364B9069}
	EndGlobalSection
	GlobalSection(ExtensibilityGlobals) = postSolution
		SolutionGuid = {21CD9FE1-C93F-4EB9-9111-AF1C5B33CBA6}
	EndGlobalSection
	GlobalSection(NDepend) = preSolution
		Project = ".\IdentityServer.LdapExtension.ndproj"
	EndGlobalSection
EndGlobal
